// !$*UTF8*$!
{
	archiveVersion = 1;
	classes = {
	};
	objectVersion = 56;
	objects = {

/* Begin PBXBuildFile section */
		3AA99B552C12BE4200FE171F /* AppDelegate.swift in Sources */ = {isa = PBXBuildFile; fileRef = 3AA99B542C12BE4200FE171F /* AppDelegate.swift */; };
		3AA99B572C12BE4200FE171F /* SceneDelegate.swift in Sources */ = {isa = PBXBuildFile; fileRef = 3AA99B562C12BE4200FE171F /* SceneDelegate.swift */; };
		3AA99B5E2C12BE4300FE171F /* Assets.xcassets in Resources */ = {isa = PBXBuildFile; fileRef = 3AA99B5D2C12BE4300FE171F /* Assets.xcassets */; };
		3AA99B612C12BE4300FE171F /* Base in Resources */ = {isa = PBXBuildFile; fileRef = 3AA99B602C12BE4300FE171F /* Base */; };
		3AA99B6A2C12BF1900FE171F /* RxCocoa in Frameworks */ = {isa = PBXBuildFile; productRef = 3AA99B692C12BF1900FE171F /* RxCocoa */; };
		3AA99B6C2C12BF1900FE171F /* RxRelay in Frameworks */ = {isa = PBXBuildFile; productRef = 3AA99B6B2C12BF1900FE171F /* RxRelay */; };
		3AA99B6E2C12BF1900FE171F /* RxSwift in Frameworks */ = {isa = PBXBuildFile; productRef = 3AA99B6D2C12BF1900FE171F /* RxSwift */; };
		3AA99B712C12BF4D00FE171F /* ReactorKit in Frameworks */ = {isa = PBXBuildFile; productRef = 3AA99B702C12BF4D00FE171F /* ReactorKit */; };
		3AA99B732C12BFD100FE171F /* TextFieldViewReactor.swift in Sources */ = {isa = PBXBuildFile; fileRef = 3AA99B722C12BFD100FE171F /* TextFieldViewReactor.swift */; };
		3AA99B762C12C12C00FE171F /* SnapKit in Frameworks */ = {isa = PBXBuildFile; productRef = 3AA99B752C12C12C00FE171F /* SnapKit */; };
		3AA99B792C12C13700FE171F /* Then in Frameworks */ = {isa = PBXBuildFile; productRef = 3AA99B782C12C13700FE171F /* Then */; };
		3AA99B7B2C12C14300FE171F /* TextFieldViewController.swift in Sources */ = {isa = PBXBuildFile; fileRef = 3AA99B7A2C12C14300FE171F /* TextFieldViewController.swift */; };
		3AA99B7F2C12CEA100FE171F /* SettingViewReactor.swift in Sources */ = {isa = PBXBuildFile; fileRef = 3AA99B7E2C12CEA100FE171F /* SettingViewReactor.swift */; };
		3AA99B812C12CEB600FE171F /* SettingViewController.swift in Sources */ = {isa = PBXBuildFile; fileRef = 3AA99B802C12CEB600FE171F /* SettingViewController.swift */; };
		3AA99B862C12DDA600FE171F /* String+Extension.swift in Sources */ = {isa = PBXBuildFile; fileRef = 3AA99B852C12DDA600FE171F /* String+Extension.swift */; };
		3AA99B8B2C12DDDA00FE171F /* BaseService.swift in Sources */ = {isa = PBXBuildFile; fileRef = 3AA99B8A2C12DDDA00FE171F /* BaseService.swift */; };
		3AA99B8E2C198BA100FE171F /* ServiceProvider.swift in Sources */ = {isa = PBXBuildFile; fileRef = 3AA99B8D2C198BA100FE171F /* ServiceProvider.swift */; };
		3AA99B902C19996E00FE171F /* SettingService.swift in Sources */ = {isa = PBXBuildFile; fileRef = 3AA99B8F2C19996E00FE171F /* SettingService.swift */; };
		3AA99B922C19999500FE171F /* UserService.swift in Sources */ = {isa = PBXBuildFile; fileRef = 3AA99B912C19999500FE171F /* UserService.swift */; };
		3AA99B942C19999E00FE171F /* User.swift in Sources */ = {isa = PBXBuildFile; fileRef = 3AA99B932C19999E00FE171F /* User.swift */; };
		3AA99B9A2C199A2500FE171F /* UserViewController.swift in Sources */ = {isa = PBXBuildFile; fileRef = 3AA99B992C199A2500FE171F /* UserViewController.swift */; };
		3AA99B9C2C199A2D00FE171F /* UserViewReactor.swift in Sources */ = {isa = PBXBuildFile; fileRef = 3AA99B9B2C199A2D00FE171F /* UserViewReactor.swift */; };
		3AA99B9E2C199A3F00FE171F /* NotificationService.swift in Sources */ = {isa = PBXBuildFile; fileRef = 3AA99B9D2C199A3F00FE171F /* NotificationService.swift */; };
/* End PBXBuildFile section */

/* Begin PBXFileReference section */
		3AA99B512C12BE4200FE171F /* ExReactorKit.app */ = {isa = PBXFileReference; explicitFileType = wrapper.application; includeInIndex = 0; path = ExReactorKit.app; sourceTree = BUILT_PRODUCTS_DIR; };
		3AA99B542C12BE4200FE171F /* AppDelegate.swift */ = {isa = PBXFileReference; lastKnownFileType = sourcecode.swift; path = AppDelegate.swift; sourceTree = "<group>"; };
		3AA99B562C12BE4200FE171F /* SceneDelegate.swift */ = {isa = PBXFileReference; lastKnownFileType = sourcecode.swift; path = SceneDelegate.swift; sourceTree = "<group>"; };
		3AA99B5D2C12BE4300FE171F /* Assets.xcassets */ = {isa = PBXFileReference; lastKnownFileType = folder.assetcatalog; path = Assets.xcassets; sourceTree = "<group>"; };
		3AA99B602C12BE4300FE171F /* Base */ = {isa = PBXFileReference; lastKnownFileType = file.storyboard; name = Base; path = Base.lproj/LaunchScreen.storyboard; sourceTree = "<group>"; };
		3AA99B622C12BE4300FE171F /* Info.plist */ = {isa = PBXFileReference; lastKnownFileType = text.plist.xml; path = Info.plist; sourceTree = "<group>"; };
		3AA99B722C12BFD100FE171F /* TextFieldViewReactor.swift */ = {isa = PBXFileReference; lastKnownFileType = sourcecode.swift; path = TextFieldViewReactor.swift; sourceTree = "<group>"; };
		3AA99B7A2C12C14300FE171F /* TextFieldViewController.swift */ = {isa = PBXFileReference; lastKnownFileType = sourcecode.swift; path = TextFieldViewController.swift; sourceTree = "<group>"; };
		3AA99B7E2C12CEA100FE171F /* SettingViewReactor.swift */ = {isa = PBXFileReference; lastKnownFileType = sourcecode.swift; path = SettingViewReactor.swift; sourceTree = "<group>"; };
		3AA99B802C12CEB600FE171F /* SettingViewController.swift */ = {isa = PBXFileReference; lastKnownFileType = sourcecode.swift; path = SettingViewController.swift; sourceTree = "<group>"; };
		3AA99B852C12DDA600FE171F /* String+Extension.swift */ = {isa = PBXFileReference; lastKnownFileType = sourcecode.swift; path = "String+Extension.swift"; sourceTree = "<group>"; };
		3AA99B8A2C12DDDA00FE171F /* BaseService.swift */ = {isa = PBXFileReference; lastKnownFileType = sourcecode.swift; path = BaseService.swift; sourceTree = "<group>"; };
		3AA99B8D2C198BA100FE171F /* ServiceProvider.swift */ = {isa = PBXFileReference; lastKnownFileType = sourcecode.swift; path = ServiceProvider.swift; sourceTree = "<group>"; };
		3AA99B8F2C19996E00FE171F /* SettingService.swift */ = {isa = PBXFileReference; lastKnownFileType = sourcecode.swift; path = SettingService.swift; sourceTree = "<group>"; };
		3AA99B912C19999500FE171F /* UserService.swift */ = {isa = PBXFileReference; lastKnownFileType = sourcecode.swift; path = UserService.swift; sourceTree = "<group>"; };
		3AA99B932C19999E00FE171F /* User.swift */ = {isa = PBXFileReference; lastKnownFileType = sourcecode.swift; path = User.swift; sourceTree = "<group>"; };
		3AA99B992C199A2500FE171F /* UserViewController.swift */ = {isa = PBXFileReference; lastKnownFileType = sourcecode.swift; path = UserViewController.swift; sourceTree = "<group>"; };
		3AA99B9B2C199A2D00FE171F /* UserViewReactor.swift */ = {isa = PBXFileReference; lastKnownFileType = sourcecode.swift; path = UserViewReactor.swift; sourceTree = "<group>"; };
		3AA99B9D2C199A3F00FE171F /* NotificationService.swift */ = {isa = PBXFileReference; lastKnownFileType = sourcecode.swift; path = NotificationService.swift; sourceTree = "<group>"; };
/* End PBXFileReference section */

/* Begin PBXFrameworksBuildPhase section */
		3AA99B4E2C12BE4200FE171F /* Frameworks */ = {
			isa = PBXFrameworksBuildPhase;
			buildActionMask = 2147483647;
			files = (
				3AA99B6E2C12BF1900FE171F /* RxSwift in Frameworks */,
				3AA99B792C12C13700FE171F /* Then in Frameworks */,
				3AA99B6C2C12BF1900FE171F /* RxRelay in Frameworks */,
				3AA99B712C12BF4D00FE171F /* ReactorKit in Frameworks */,
				3AA99B6A2C12BF1900FE171F /* RxCocoa in Frameworks */,
				3AA99B762C12C12C00FE171F /* SnapKit in Frameworks */,
			);
			runOnlyForDeploymentPostprocessing = 0;
		};
/* End PBXFrameworksBuildPhase section */

/* Begin PBXGroup section */
		3AA99B482C12BE4200FE171F = {
			isa = PBXGroup;
			children = (
				3AA99B532C12BE4200FE171F /* ExReactorKit */,
				3AA99B522C12BE4200FE171F /* Products */,
			);
			sourceTree = "<group>";
		};
		3AA99B522C12BE4200FE171F /* Products */ = {
			isa = PBXGroup;
			children = (
				3AA99B512C12BE4200FE171F /* ExReactorKit.app */,
			);
			name = Products;
			sourceTree = "<group>";
		};
		3AA99B532C12BE4200FE171F /* ExReactorKit */ = {
			isa = PBXGroup;
			children = (
				3AA99B822C12DD7900FE171F /* App */,
				3AA99B832C12DD8500FE171F /* Common */,
				3AA99B882C12DDC400FE171F /* Models */,
				3AA99B892C12DDCD00FE171F /* Services */,
				3AA99B952C1999B000FE171F /* Features */,
				3AA99B9F2C199AAE00FE171F /* Resources */,
			);
			path = ExReactorKit;
			sourceTree = "<group>";
		};
		3AA99B822C12DD7900FE171F /* App */ = {
			isa = PBXGroup;
			children = (
				3AA99B542C12BE4200FE171F /* AppDelegate.swift */,
				3AA99B562C12BE4200FE171F /* SceneDelegate.swift */,
			);
			path = App;
			sourceTree = "<group>";
		};
		3AA99B832C12DD8500FE171F /* Common */ = {
			isa = PBXGroup;
			children = (
				3AA99B872C12DDBB00FE171F /* Utilities */,
				3AA99B842C12DD9A00FE171F /* Extensions */,
			);
			path = Common;
			sourceTree = "<group>";
		};
		3AA99B842C12DD9A00FE171F /* Extensions */ = {
			isa = PBXGroup;
			children = (
				3AA99B852C12DDA600FE171F /* String+Extension.swift */,
			);
			path = Extensions;
			sourceTree = "<group>";
		};
		3AA99B872C12DDBB00FE171F /* Utilities */ = {
			isa = PBXGroup;
			children = (
			);
			path = Utilities;
			sourceTree = "<group>";
		};
		3AA99B882C12DDC400FE171F /* Models */ = {
			isa = PBXGroup;
			children = (
				3AA99B932C19999E00FE171F /* User.swift */,
			);
			path = Models;
			sourceTree = "<group>";
		};
		3AA99B892C12DDCD00FE171F /* Services */ = {
			isa = PBXGroup;
			children = (
				3AA99B8A2C12DDDA00FE171F /* BaseService.swift */,
				3AA99B8D2C198BA100FE171F /* ServiceProvider.swift */,
				3AA99B8F2C19996E00FE171F /* SettingService.swift */,
				3AA99B912C19999500FE171F /* UserService.swift */,
				3AA99B9D2C199A3F00FE171F /* NotificationService.swift */,
			);
			path = Services;
			sourceTree = "<group>";
		};
		3AA99B952C1999B000FE171F /* Features */ = {
			isa = PBXGroup;
			children = (
				3AA99B962C1999BA00FE171F /* TextField */,
				3AA99B972C1999C400FE171F /* Setting */,
				3AA99B982C199A1A00FE171F /* User */,
			);
			path = Features;
			sourceTree = "<group>";
		};
		3AA99B962C1999BA00FE171F /* TextField */ = {
			isa = PBXGroup;
			children = (
				3AA99B7A2C12C14300FE171F /* TextFieldViewController.swift */,
				3AA99B722C12BFD100FE171F /* TextFieldViewReactor.swift */,
			);
			path = TextField;
			sourceTree = "<group>";
		};
		3AA99B972C1999C400FE171F /* Setting */ = {
			isa = PBXGroup;
			children = (
				3AA99B802C12CEB600FE171F /* SettingViewController.swift */,
				3AA99B7E2C12CEA100FE171F /* SettingViewReactor.swift */,
			);
			path = Setting;
			sourceTree = "<group>";
		};
		3AA99B982C199A1A00FE171F /* User */ = {
			isa = PBXGroup;
			children = (
				3AA99B992C199A2500FE171F /* UserViewController.swift */,
				3AA99B9B2C199A2D00FE171F /* UserViewReactor.swift */,
			);
			path = User;
			sourceTree = "<group>";
		};
		3AA99B9F2C199AAE00FE171F /* Resources */ = {
			isa = PBXGroup;
			children = (
				3AA99B622C12BE4300FE171F /* Info.plist */,
				3AA99B5D2C12BE4300FE171F /* Assets.xcassets */,
				3AA99B5F2C12BE4300FE171F /* LaunchScreen.storyboard */,
			);
			path = Resources;
			sourceTree = "<group>";
		};
/* End PBXGroup section */

/* Begin PBXNativeTarget section */
		3AA99B502C12BE4200FE171F /* ExReactorKit */ = {
			isa = PBXNativeTarget;
			buildConfigurationList = 3AA99B652C12BE4300FE171F /* Build configuration list for PBXNativeTarget "ExReactorKit" */;
			buildPhases = (
				3AA99B4D2C12BE4200FE171F /* Sources */,
				3AA99B4E2C12BE4200FE171F /* Frameworks */,
				3AA99B4F2C12BE4200FE171F /* Resources */,
			);
			buildRules = (
			);
			dependencies = (
			);
			name = ExReactorKit;
			packageProductDependencies = (
				3AA99B692C12BF1900FE171F /* RxCocoa */,
				3AA99B6B2C12BF1900FE171F /* RxRelay */,
				3AA99B6D2C12BF1900FE171F /* RxSwift */,
				3AA99B702C12BF4D00FE171F /* ReactorKit */,
				3AA99B752C12C12C00FE171F /* SnapKit */,
				3AA99B782C12C13700FE171F /* Then */,
			);
			productName = ExReactorKit;
			productReference = 3AA99B512C12BE4200FE171F /* ExReactorKit.app */;
			productType = "com.apple.product-type.application";
		};
/* End PBXNativeTarget section */

/* Begin PBXProject section */
		3AA99B492C12BE4200FE171F /* Project object */ = {
			isa = PBXProject;
			attributes = {
				BuildIndependentTargetsInParallel = 1;
				LastSwiftUpdateCheck = 1540;
				LastUpgradeCheck = 1540;
				TargetAttributes = {
					3AA99B502C12BE4200FE171F = {
						CreatedOnToolsVersion = 15.4;
					};
				};
			};
			buildConfigurationList = 3AA99B4C2C12BE4200FE171F /* Build configuration list for PBXProject "ExReactorKit" */;
			compatibilityVersion = "Xcode 14.0";
			developmentRegion = en;
			hasScannedForEncodings = 0;
			knownRegions = (
				en,
				Base,
			);
			mainGroup = 3AA99B482C12BE4200FE171F;
			packageReferences = (
				3AA99B682C12BF1900FE171F /* XCRemoteSwiftPackageReference "RxSwift" */,
				3AA99B6F2C12BF4D00FE171F /* XCRemoteSwiftPackageReference "ReactorKit" */,
				3AA99B742C12C12C00FE171F /* XCRemoteSwiftPackageReference "SnapKit" */,
				3AA99B772C12C13700FE171F /* XCRemoteSwiftPackageReference "Then" */,
			);
			productRefGroup = 3AA99B522C12BE4200FE171F /* Products */;
			projectDirPath = "";
			projectRoot = "";
			targets = (
				3AA99B502C12BE4200FE171F /* ExReactorKit */,
			);
		};
/* End PBXProject section */

/* Begin PBXResourcesBuildPhase section */
		3AA99B4F2C12BE4200FE171F /* Resources */ = {
			isa = PBXResourcesBuildPhase;
			buildActionMask = 2147483647;
			files = (
				3AA99B5E2C12BE4300FE171F /* Assets.xcassets in Resources */,
				3AA99B612C12BE4300FE171F /* Base in Resources */,
			);
			runOnlyForDeploymentPostprocessing = 0;
		};
/* End PBXResourcesBuildPhase section */

/* Begin PBXSourcesBuildPhase section */
		3AA99B4D2C12BE4200FE171F /* Sources */ = {
			isa = PBXSourcesBuildPhase;
			buildActionMask = 2147483647;
			files = (
				3AA99B862C12DDA600FE171F /* String+Extension.swift in Sources */,
				3AA99B7B2C12C14300FE171F /* TextFieldViewController.swift in Sources */,
				3AA99B9A2C199A2500FE171F /* UserViewController.swift in Sources */,
				3AA99B7F2C12CEA100FE171F /* SettingViewReactor.swift in Sources */,
				3AA99B732C12BFD100FE171F /* TextFieldViewReactor.swift in Sources */,
				3AA99B902C19996E00FE171F /* SettingService.swift in Sources */,
				3AA99B552C12BE4200FE171F /* AppDelegate.swift in Sources */,
				3AA99B922C19999500FE171F /* UserService.swift in Sources */,
				3AA99B8E2C198BA100FE171F /* ServiceProvider.swift in Sources */,
				3AA99B942C19999E00FE171F /* User.swift in Sources */,
				3AA99B9C2C199A2D00FE171F /* UserViewReactor.swift in Sources */,
				3AA99B812C12CEB600FE171F /* SettingViewController.swift in Sources */,
				3AA99B572C12BE4200FE171F /* SceneDelegate.swift in Sources */,
				3AA99B9E2C199A3F00FE171F /* NotificationService.swift in Sources */,
				3AA99B8B2C12DDDA00FE171F /* BaseService.swift in Sources */,
			);
			runOnlyForDeploymentPostprocessing = 0;
		};
/* End PBXSourcesBuildPhase section */

/* Begin PBXVariantGroup section */
		3AA99B5F2C12BE4300FE171F /* LaunchScreen.storyboard */ = {
			isa = PBXVariantGroup;
			children = (
				3AA99B602C12BE4300FE171F /* Base */,
			);
			name = LaunchScreen.storyboard;
			sourceTree = "<group>";
		};
/* End PBXVariantGroup section */

/* Begin XCBuildConfiguration section */
		3AA99B632C12BE4300FE171F /* Debug */ = {
			isa = XCBuildConfiguration;
			buildSettings = {
				ALWAYS_SEARCH_USER_PATHS = NO;
				ASSETCATALOG_COMPILER_GENERATE_SWIFT_ASSET_SYMBOL_EXTENSIONS = YES;
				CLANG_ANALYZER_NONNULL = YES;
				CLANG_ANALYZER_NUMBER_OBJECT_CONVERSION = YES_AGGRESSIVE;
				CLANG_CXX_LANGUAGE_STANDARD = "gnu++20";
				CLANG_ENABLE_MODULES = YES;
				CLANG_ENABLE_OBJC_ARC = YES;
				CLANG_ENABLE_OBJC_WEAK = YES;
				CLANG_WARN_BLOCK_CAPTURE_AUTORELEASING = YES;
				CLANG_WARN_BOOL_CONVERSION = YES;
				CLANG_WARN_COMMA = YES;
				CLANG_WARN_CONSTANT_CONVERSION = YES;
				CLANG_WARN_DEPRECATED_OBJC_IMPLEMENTATIONS = YES;
				CLANG_WARN_DIRECT_OBJC_ISA_USAGE = YES_ERROR;
				CLANG_WARN_DOCUMENTATION_COMMENTS = YES;
				CLANG_WARN_EMPTY_BODY = YES;
				CLANG_WARN_ENUM_CONVERSION = YES;
				CLANG_WARN_INFINITE_RECURSION = YES;
				CLANG_WARN_INT_CONVERSION = YES;
				CLANG_WARN_NON_LITERAL_NULL_CONVERSION = YES;
				CLANG_WARN_OBJC_IMPLICIT_RETAIN_SELF = YES;
				CLANG_WARN_OBJC_LITERAL_CONVERSION = YES;
				CLANG_WARN_OBJC_ROOT_CLASS = YES_ERROR;
				CLANG_WARN_QUOTED_INCLUDE_IN_FRAMEWORK_HEADER = YES;
				CLANG_WARN_RANGE_LOOP_ANALYSIS = YES;
				CLANG_WARN_STRICT_PROTOTYPES = YES;
				CLANG_WARN_SUSPICIOUS_MOVE = YES;
				CLANG_WARN_UNGUARDED_AVAILABILITY = YES_AGGRESSIVE;
				CLANG_WARN_UNREACHABLE_CODE = YES;
				CLANG_WARN__DUPLICATE_METHOD_MATCH = YES;
				COPY_PHASE_STRIP = NO;
				DEBUG_INFORMATION_FORMAT = dwarf;
				ENABLE_STRICT_OBJC_MSGSEND = YES;
				ENABLE_TESTABILITY = YES;
				ENABLE_USER_SCRIPT_SANDBOXING = YES;
				GCC_C_LANGUAGE_STANDARD = gnu17;
				GCC_DYNAMIC_NO_PIC = NO;
				GCC_NO_COMMON_BLOCKS = YES;
				GCC_OPTIMIZATION_LEVEL = 0;
				GCC_PREPROCESSOR_DEFINITIONS = (
					"DEBUG=1",
					"$(inherited)",
				);
				GCC_WARN_64_TO_32_BIT_CONVERSION = YES;
				GCC_WARN_ABOUT_RETURN_TYPE = YES_ERROR;
				GCC_WARN_UNDECLARED_SELECTOR = YES;
				GCC_WARN_UNINITIALIZED_AUTOS = YES_AGGRESSIVE;
				GCC_WARN_UNUSED_FUNCTION = YES;
				GCC_WARN_UNUSED_VARIABLE = YES;
				IPHONEOS_DEPLOYMENT_TARGET = 17.5;
				LOCALIZATION_PREFERS_STRING_CATALOGS = YES;
				MTL_ENABLE_DEBUG_INFO = INCLUDE_SOURCE;
				MTL_FAST_MATH = YES;
				ONLY_ACTIVE_ARCH = YES;
				SDKROOT = iphoneos;
				SWIFT_ACTIVE_COMPILATION_CONDITIONS = "DEBUG $(inherited)";
				SWIFT_OPTIMIZATION_LEVEL = "-Onone";
			};
			name = Debug;
		};
		3AA99B642C12BE4300FE171F /* Release */ = {
			isa = XCBuildConfiguration;
			buildSettings = {
				ALWAYS_SEARCH_USER_PATHS = NO;
				ASSETCATALOG_COMPILER_GENERATE_SWIFT_ASSET_SYMBOL_EXTENSIONS = YES;
				CLANG_ANALYZER_NONNULL = YES;
				CLANG_ANALYZER_NUMBER_OBJECT_CONVERSION = YES_AGGRESSIVE;
				CLANG_CXX_LANGUAGE_STANDARD = "gnu++20";
				CLANG_ENABLE_MODULES = YES;
				CLANG_ENABLE_OBJC_ARC = YES;
				CLANG_ENABLE_OBJC_WEAK = YES;
				CLANG_WARN_BLOCK_CAPTURE_AUTORELEASING = YES;
				CLANG_WARN_BOOL_CONVERSION = YES;
				CLANG_WARN_COMMA = YES;
				CLANG_WARN_CONSTANT_CONVERSION = YES;
				CLANG_WARN_DEPRECATED_OBJC_IMPLEMENTATIONS = YES;
				CLANG_WARN_DIRECT_OBJC_ISA_USAGE = YES_ERROR;
				CLANG_WARN_DOCUMENTATION_COMMENTS = YES;
				CLANG_WARN_EMPTY_BODY = YES;
				CLANG_WARN_ENUM_CONVERSION = YES;
				CLANG_WARN_INFINITE_RECURSION = YES;
				CLANG_WARN_INT_CONVERSION = YES;
				CLANG_WARN_NON_LITERAL_NULL_CONVERSION = YES;
				CLANG_WARN_OBJC_IMPLICIT_RETAIN_SELF = YES;
				CLANG_WARN_OBJC_LITERAL_CONVERSION = YES;
				CLANG_WARN_OBJC_ROOT_CLASS = YES_ERROR;
				CLANG_WARN_QUOTED_INCLUDE_IN_FRAMEWORK_HEADER = YES;
				CLANG_WARN_RANGE_LOOP_ANALYSIS = YES;
				CLANG_WARN_STRICT_PROTOTYPES = YES;
				CLANG_WARN_SUSPICIOUS_MOVE = YES;
				CLANG_WARN_UNGUARDED_AVAILABILITY = YES_AGGRESSIVE;
				CLANG_WARN_UNREACHABLE_CODE = YES;
				CLANG_WARN__DUPLICATE_METHOD_MATCH = YES;
				COPY_PHASE_STRIP = NO;
				DEBUG_INFORMATION_FORMAT = "dwarf-with-dsym";
				ENABLE_NS_ASSERTIONS = NO;
				ENABLE_STRICT_OBJC_MSGSEND = YES;
				ENABLE_USER_SCRIPT_SANDBOXING = YES;
				GCC_C_LANGUAGE_STANDARD = gnu17;
				GCC_NO_COMMON_BLOCKS = YES;
				GCC_WARN_64_TO_32_BIT_CONVERSION = YES;
				GCC_WARN_ABOUT_RETURN_TYPE = YES_ERROR;
				GCC_WARN_UNDECLARED_SELECTOR = YES;
				GCC_WARN_UNINITIALIZED_AUTOS = YES_AGGRESSIVE;
				GCC_WARN_UNUSED_FUNCTION = YES;
				GCC_WARN_UNUSED_VARIABLE = YES;
				IPHONEOS_DEPLOYMENT_TARGET = 17.5;
				LOCALIZATION_PREFERS_STRING_CATALOGS = YES;
				MTL_ENABLE_DEBUG_INFO = NO;
				MTL_FAST_MATH = YES;
				SDKROOT = iphoneos;
				SWIFT_COMPILATION_MODE = wholemodule;
				VALIDATE_PRODUCT = YES;
			};
			name = Release;
		};
		3AA99B662C12BE4300FE171F /* Debug */ = {
			isa = XCBuildConfiguration;
			buildSettings = {
				ASSETCATALOG_COMPILER_APPICON_NAME = AppIcon;
				ASSETCATALOG_COMPILER_GLOBAL_ACCENT_COLOR_NAME = AccentColor;
				CODE_SIGN_STYLE = Automatic;
				CURRENT_PROJECT_VERSION = 1;
				DEVELOPMENT_TEAM = FP8CB3BY93;
				GENERATE_INFOPLIST_FILE = YES;
				INFOPLIST_FILE = ExReactorKit/Resources/Info.plist;
				INFOPLIST_KEY_UIApplicationSupportsIndirectInputEvents = YES;
				INFOPLIST_KEY_UILaunchStoryboardName = LaunchScreen;
				INFOPLIST_KEY_UISupportedInterfaceOrientations_iPad = "UIInterfaceOrientationPortrait UIInterfaceOrientationPortraitUpsideDown UIInterfaceOrientationLandscapeLeft UIInterfaceOrientationLandscapeRight";
				INFOPLIST_KEY_UISupportedInterfaceOrientations_iPhone = "UIInterfaceOrientationPortrait UIInterfaceOrientationLandscapeLeft UIInterfaceOrientationLandscapeRight";
				LD_RUNPATH_SEARCH_PATHS = (
					"$(inherited)",
					"@executable_path/Frameworks",
				);
				MARKETING_VERSION = 1.0;
				PRODUCT_BUNDLE_IDENTIFIER = com.velmash.ExReactorKit;
				PRODUCT_NAME = "$(TARGET_NAME)";
				SUPPORTED_PLATFORMS = "iphoneos iphonesimulator";
				SUPPORTS_MACCATALYST = NO;
				SUPPORTS_MAC_DESIGNED_FOR_IPHONE_IPAD = NO;
				SUPPORTS_XR_DESIGNED_FOR_IPHONE_IPAD = NO;
				SWIFT_EMIT_LOC_STRINGS = YES;
				SWIFT_VERSION = 5.0;
				TARGETED_DEVICE_FAMILY = 1;
			};
			name = Debug;
		};
		3AA99B672C12BE4300FE171F /* Release */ = {
			isa = XCBuildConfiguration;
			buildSettings = {
				ASSETCATALOG_COMPILER_APPICON_NAME = AppIcon;
				ASSETCATALOG_COMPILER_GLOBAL_ACCENT_COLOR_NAME = AccentColor;
				CODE_SIGN_STYLE = Automatic;
				CURRENT_PROJECT_VERSION = 1;
				DEVELOPMENT_TEAM = FP8CB3BY93;
				GENERATE_INFOPLIST_FILE = YES;
				INFOPLIST_FILE = ExReactorKit/Resources/Info.plist;
				INFOPLIST_KEY_UIApplicationSupportsIndirectInputEvents = YES;
				INFOPLIST_KEY_UILaunchStoryboardName = LaunchScreen;
				INFOPLIST_KEY_UISupportedInterfaceOrientations_iPad = "UIInterfaceOrientationPortrait UIInterfaceOrientationPortraitUpsideDown UIInterfaceOrientationLandscapeLeft UIInterfaceOrientationLandscapeRight";
				INFOPLIST_KEY_UISupportedInterfaceOrientations_iPhone = "UIInterfaceOrientationPortrait UIInterfaceOrientationLandscapeLeft UIInterfaceOrientationLandscapeRight";
				LD_RUNPATH_SEARCH_PATHS = (
					"$(inherited)",
					"@executable_path/Frameworks",
				);
				MARKETING_VERSION = 1.0;
				PRODUCT_BUNDLE_IDENTIFIER = com.velmash.ExReactorKit;
				PRODUCT_NAME = "$(TARGET_NAME)";
				SUPPORTED_PLATFORMS = "iphoneos iphonesimulator";
				SUPPORTS_MACCATALYST = NO;
				SUPPORTS_MAC_DESIGNED_FOR_IPHONE_IPAD = NO;
				SUPPORTS_XR_DESIGNED_FOR_IPHONE_IPAD = NO;
				SWIFT_EMIT_LOC_STRINGS = YES;
				SWIFT_VERSION = 5.0;
				TARGETED_DEVICE_FAMILY = 1;
			};
			name = Release;
		};
/* End XCBuildConfiguration section */

/* Begin XCConfigurationList section */
		3AA99B4C2C12BE4200FE171F /* Build configuration list for PBXProject "ExReactorKit" */ = {
			isa = XCConfigurationList;
			buildConfigurations = (
				3AA99B632C12BE4300FE171F /* Debug */,
				3AA99B642C12BE4300FE171F /* Release */,
			);
			defaultConfigurationIsVisible = 0;
			defaultConfigurationName = Release;
		};
		3AA99B652C12BE4300FE171F /* Build configuration list for PBXNativeTarget "ExReactorKit" */ = {
			isa = XCConfigurationList;
			buildConfigurations = (
				3AA99B662C12BE4300FE171F /* Debug */,
				3AA99B672C12BE4300FE171F /* Release */,
			);
			defaultConfigurationIsVisible = 0;
			defaultConfigurationName = Release;
		};
/* End XCConfigurationList section */

/* Begin XCRemoteSwiftPackageReference section */
		3AA99B682C12BF1900FE171F /* XCRemoteSwiftPackageReference "RxSwift" */ = {
			isa = XCRemoteSwiftPackageReference;
			repositoryURL = "https://github.com/ReactiveX/RxSwift";
			requirement = {
				kind = upToNextMajorVersion;
				minimumVersion = 6.7.1;
			};
		};
		3AA99B6F2C12BF4D00FE171F /* XCRemoteSwiftPackageReference "ReactorKit" */ = {
			isa = XCRemoteSwiftPackageReference;
			repositoryURL = "https://github.com/ReactorKit/ReactorKit";
			requirement = {
				kind = upToNextMajorVersion;
				minimumVersion = 3.2.0;
			};
		};
		3AA99B742C12C12C00FE171F /* XCRemoteSwiftPackageReference "SnapKit" */ = {
			isa = XCRemoteSwiftPackageReference;
			repositoryURL = "https://github.com/SnapKit/SnapKit";
			requirement = {
				kind = upToNextMajorVersion;
				minimumVersion = 5.7.1;
			};
		};
		3AA99B772C12C13700FE171F /* XCRemoteSwiftPackageReference "Then" */ = {
			isa = XCRemoteSwiftPackageReference;
			repositoryURL = "https://github.com/devxoul/Then";
			requirement = {
				kind = upToNextMajorVersion;
				minimumVersion = 3.0.0;
			};
		};
/* End XCRemoteSwiftPackageReference section */

/* Begin XCSwiftPackageProductDependency section */
		3AA99B692C12BF1900FE171F /* RxCocoa */ = {
			isa = XCSwiftPackageProductDependency;
			package = 3AA99B682C12BF1900FE171F /* XCRemoteSwiftPackageReference "RxSwift" */;
			productName = RxCocoa;
		};
		3AA99B6B2C12BF1900FE171F /* RxRelay */ = {
			isa = XCSwiftPackageProductDependency;
			package = 3AA99B682C12BF1900FE171F /* XCRemoteSwiftPackageReference "RxSwift" */;
			productName = RxRelay;
		};
		3AA99B6D2C12BF1900FE171F /* RxSwift */ = {
			isa = XCSwiftPackageProductDependency;
			package = 3AA99B682C12BF1900FE171F /* XCRemoteSwiftPackageReference "RxSwift" */;
			productName = RxSwift;
		};
		3AA99B702C12BF4D00FE171F /* ReactorKit */ = {
			isa = XCSwiftPackageProductDependency;
			package = 3AA99B6F2C12BF4D00FE171F /* XCRemoteSwiftPackageReference "ReactorKit" */;
			productName = ReactorKit;
		};
		3AA99B752C12C12C00FE171F /* SnapKit */ = {
			isa = XCSwiftPackageProductDependency;
			package = 3AA99B742C12C12C00FE171F /* XCRemoteSwiftPackageReference "SnapKit" */;
			productName = SnapKit;
		};
		3AA99B782C12C13700FE171F /* Then */ = {
			isa = XCSwiftPackageProductDependency;
			package = 3AA99B772C12C13700FE171F /* XCRemoteSwiftPackageReference "Then" */;
			productName = Then;
		};
/* End XCSwiftPackageProductDependency section */
	};
	rootObject = 3AA99B492C12BE4200FE171F /* Project object */;
}
