// !$*UTF8*$!
{
	archiveVersion = 1;
	classes = {
	};
	objectVersion = 50;
	objects = {

/* Begin PBXBuildFile section */
		3A3AB931254690AE00CEB460 /* main.cpp in Sources */ = {isa = PBXBuildFile; fileRef = 3A3AB930254690AE00CEB460 /* main.cpp */; };
		3A3AB9412546950700CEB460 /* main.cpp in Sources */ = {isa = PBXBuildFile; fileRef = 3A3AB9402546950700CEB460 /* main.cpp */; };
		3A3AB9522546972400CEB460 /* main.cpp in Sources */ = {isa = PBXBuildFile; fileRef = 3A3AB9512546972400CEB460 /* main.cpp */; };
		3A3AB96425469C4A00CEB460 /* main.cpp in Sources */ = {isa = PBXBuildFile; fileRef = 3A3AB96325469C4A00CEB460 /* main.cpp */; };
		3A3AB9772546A17E00CEB460 /* main.cpp in Sources */ = {isa = PBXBuildFile; fileRef = 3A3AB9762546A17E00CEB460 /* main.cpp */; };
		3A3AB98B2546A7FB00CEB460 /* main.cpp in Sources */ = {isa = PBXBuildFile; fileRef = 3A3AB98A2546A7FB00CEB460 /* main.cpp */; };
		3A67BD5A25467F6200BE37FF /* main.cpp in Sources */ = {isa = PBXBuildFile; fileRef = 3A67BD5925467F6200BE37FF /* main.cpp */; };
		3A67BD672546875900BE37FF /* main.cpp in Sources */ = {isa = PBXBuildFile; fileRef = 3A67BD662546875900BE37FF /* main.cpp */; };
		3A67BD7825468C1300BE37FF /* main.cpp in Sources */ = {isa = PBXBuildFile; fileRef = 3A67BD7725468C1300BE37FF /* main.cpp */; };
		3AEAEEB725459B4700AF6F26 /* main.cpp in Sources */ = {isa = PBXBuildFile; fileRef = 3AEAEEB625459B4700AF6F26 /* main.cpp */; };
/* End PBXBuildFile section */

/* Begin PBXCopyFilesBuildPhase section */
		3A3AB92C254690AE00CEB460 /* CopyFiles */ = {
			isa = PBXCopyFilesBuildPhase;
			buildActionMask = 2147483647;
			dstPath = /usr/share/man/man1/;
			dstSubfolderSpec = 0;
			files = (
			);
			runOnlyForDeploymentPostprocessing = 1;
		};
		3A3AB93C2546950700CEB460 /* CopyFiles */ = {
			isa = PBXCopyFilesBuildPhase;
			buildActionMask = 2147483647;
			dstPath = /usr/share/man/man1/;
			dstSubfolderSpec = 0;
			files = (
			);
			runOnlyForDeploymentPostprocessing = 1;
		};
		3A3AB94D2546972400CEB460 /* CopyFiles */ = {
			isa = PBXCopyFilesBuildPhase;
			buildActionMask = 2147483647;
			dstPath = /usr/share/man/man1/;
			dstSubfolderSpec = 0;
			files = (
			);
			runOnlyForDeploymentPostprocessing = 1;
		};
		3A3AB95F25469C4A00CEB460 /* CopyFiles */ = {
			isa = PBXCopyFilesBuildPhase;
			buildActionMask = 2147483647;
			dstPath = /usr/share/man/man1/;
			dstSubfolderSpec = 0;
			files = (
			);
			runOnlyForDeploymentPostprocessing = 1;
		};
		3A3AB9722546A17E00CEB460 /* CopyFiles */ = {
			isa = PBXCopyFilesBuildPhase;
			buildActionMask = 2147483647;
			dstPath = /usr/share/man/man1/;
			dstSubfolderSpec = 0;
			files = (
			);
			runOnlyForDeploymentPostprocessing = 1;
		};
		3A3AB9862546A7FB00CEB460 /* CopyFiles */ = {
			isa = PBXCopyFilesBuildPhase;
			buildActionMask = 2147483647;
			dstPath = /usr/share/man/man1/;
			dstSubfolderSpec = 0;
			files = (
			);
			runOnlyForDeploymentPostprocessing = 1;
		};
		3A67BD5525467F6200BE37FF /* CopyFiles */ = {
			isa = PBXCopyFilesBuildPhase;
			buildActionMask = 2147483647;
			dstPath = /usr/share/man/man1/;
			dstSubfolderSpec = 0;
			files = (
			);
			runOnlyForDeploymentPostprocessing = 1;
		};
		3A67BD622546875900BE37FF /* CopyFiles */ = {
			isa = PBXCopyFilesBuildPhase;
			buildActionMask = 2147483647;
			dstPath = /usr/share/man/man1/;
			dstSubfolderSpec = 0;
			files = (
			);
			runOnlyForDeploymentPostprocessing = 1;
		};
		3A67BD7325468C1300BE37FF /* CopyFiles */ = {
			isa = PBXCopyFilesBuildPhase;
			buildActionMask = 2147483647;
			dstPath = /usr/share/man/man1/;
			dstSubfolderSpec = 0;
			files = (
			);
			runOnlyForDeploymentPostprocessing = 1;
		};
		3AEAEEB125459B4700AF6F26 /* CopyFiles */ = {
			isa = PBXCopyFilesBuildPhase;
			buildActionMask = 2147483647;
			dstPath = /usr/share/man/man1/;
			dstSubfolderSpec = 0;
			files = (
			);
			runOnlyForDeploymentPostprocessing = 1;
		};
/* End PBXCopyFilesBuildPhase section */

/* Begin PBXFileReference section */
		3A3AB92E254690AE00CEB460 /* Chap5_5_while */ = {isa = PBXFileReference; explicitFileType = "compiled.mach-o.executable"; includeInIndex = 0; path = Chap5_5_while; sourceTree = BUILT_PRODUCTS_DIR; };
		3A3AB930254690AE00CEB460 /* main.cpp */ = {isa = PBXFileReference; lastKnownFileType = sourcecode.cpp.cpp; path = main.cpp; sourceTree = "<group>"; };
		3A3AB93E2546950700CEB460 /* Chap5_6_do-while */ = {isa = PBXFileReference; explicitFileType = "compiled.mach-o.executable"; includeInIndex = 0; path = "Chap5_6_do-while"; sourceTree = BUILT_PRODUCTS_DIR; };
		3A3AB9402546950700CEB460 /* main.cpp */ = {isa = PBXFileReference; lastKnownFileType = sourcecode.cpp.cpp; path = main.cpp; sourceTree = "<group>"; };
		3A3AB94F2546972400CEB460 /* Chap5_7_for */ = {isa = PBXFileReference; explicitFileType = "compiled.mach-o.executable"; includeInIndex = 0; path = Chap5_7_for; sourceTree = BUILT_PRODUCTS_DIR; };
		3A3AB9512546972400CEB460 /* main.cpp */ = {isa = PBXFileReference; lastKnownFileType = sourcecode.cpp.cpp; path = main.cpp; sourceTree = "<group>"; };
		3A3AB96125469C4A00CEB460 /* Chap5_8_break_continue */ = {isa = PBXFileReference; explicitFileType = "compiled.mach-o.executable"; includeInIndex = 0; path = Chap5_8_break_continue; sourceTree = BUILT_PRODUCTS_DIR; };
		3A3AB96325469C4A00CEB460 /* main.cpp */ = {isa = PBXFileReference; lastKnownFileType = sourcecode.cpp.cpp; path = main.cpp; sourceTree = "<group>"; };
		3A3AB9742546A17E00CEB460 /* Chap5_9_random_number */ = {isa = PBXFileReference; explicitFileType = "compiled.mach-o.executable"; includeInIndex = 0; path = Chap5_9_random_number; sourceTree = BUILT_PRODUCTS_DIR; };
		3A3AB9762546A17E00CEB460 /* main.cpp */ = {isa = PBXFileReference; lastKnownFileType = sourcecode.cpp.cpp; path = main.cpp; sourceTree = "<group>"; };
		3A3AB9882546A7FB00CEB460 /* Chap5_10_std::cin */ = {isa = PBXFileReference; explicitFileType = "compiled.mach-o.executable"; includeInIndex = 0; path = "Chap5_10_std::cin"; sourceTree = BUILT_PRODUCTS_DIR; };
		3A3AB98A2546A7FB00CEB460 /* main.cpp */ = {isa = PBXFileReference; lastKnownFileType = sourcecode.cpp.cpp; path = main.cpp; sourceTree = "<group>"; };
		3A67BD5725467F6200BE37FF /* Chap5_2 */ = {isa = PBXFileReference; explicitFileType = "compiled.mach-o.executable"; includeInIndex = 0; path = Chap5_2; sourceTree = BUILT_PRODUCTS_DIR; };
		3A67BD5925467F6200BE37FF /* main.cpp */ = {isa = PBXFileReference; lastKnownFileType = sourcecode.cpp.cpp; path = main.cpp; sourceTree = "<group>"; };
		3A67BD642546875900BE37FF /* Chapter5_3 */ = {isa = PBXFileReference; explicitFileType = "compiled.mach-o.executable"; includeInIndex = 0; path = Chapter5_3; sourceTree = BUILT_PRODUCTS_DIR; };
		3A67BD662546875900BE37FF /* main.cpp */ = {isa = PBXFileReference; lastKnownFileType = sourcecode.cpp.cpp; path = main.cpp; sourceTree = "<group>"; };
		3A67BD7525468C1300BE37FF /* Chap5_4 */ = {isa = PBXFileReference; explicitFileType = "compiled.mach-o.executable"; includeInIndex = 0; path = Chap5_4; sourceTree = BUILT_PRODUCTS_DIR; };
		3A67BD7725468C1300BE37FF /* main.cpp */ = {isa = PBXFileReference; lastKnownFileType = sourcecode.cpp.cpp; path = main.cpp; sourceTree = "<group>"; };
		3AEAEEB325459B4700AF6F26 /* Chapter5 */ = {isa = PBXFileReference; explicitFileType = "compiled.mach-o.executable"; includeInIndex = 0; path = Chapter5; sourceTree = BUILT_PRODUCTS_DIR; };
		3AEAEEB625459B4700AF6F26 /* main.cpp */ = {isa = PBXFileReference; lastKnownFileType = sourcecode.cpp.cpp; path = main.cpp; sourceTree = "<group>"; };
/* End PBXFileReference section */

/* Begin PBXFrameworksBuildPhase section */
		3A3AB92B254690AE00CEB460 /* Frameworks */ = {
			isa = PBXFrameworksBuildPhase;
			buildActionMask = 2147483647;
			files = (
			);
			runOnlyForDeploymentPostprocessing = 0;
		};
		3A3AB93B2546950700CEB460 /* Frameworks */ = {
			isa = PBXFrameworksBuildPhase;
			buildActionMask = 2147483647;
			files = (
			);
			runOnlyForDeploymentPostprocessing = 0;
		};
		3A3AB94C2546972400CEB460 /* Frameworks */ = {
			isa = PBXFrameworksBuildPhase;
			buildActionMask = 2147483647;
			files = (
			);
			runOnlyForDeploymentPostprocessing = 0;
		};
		3A3AB95E25469C4A00CEB460 /* Frameworks */ = {
			isa = PBXFrameworksBuildPhase;
			buildActionMask = 2147483647;
			files = (
			);
			runOnlyForDeploymentPostprocessing = 0;
		};
		3A3AB9712546A17E00CEB460 /* Frameworks */ = {
			isa = PBXFrameworksBuildPhase;
			buildActionMask = 2147483647;
			files = (
			);
			runOnlyForDeploymentPostprocessing = 0;
		};
		3A3AB9852546A7FB00CEB460 /* Frameworks */ = {
			isa = PBXFrameworksBuildPhase;
			buildActionMask = 2147483647;
			files = (
			);
			runOnlyForDeploymentPostprocessing = 0;
		};
		3A67BD5425467F6200BE37FF /* Frameworks */ = {
			isa = PBXFrameworksBuildPhase;
			buildActionMask = 2147483647;
			files = (
			);
			runOnlyForDeploymentPostprocessing = 0;
		};
		3A67BD612546875900BE37FF /* Frameworks */ = {
			isa = PBXFrameworksBuildPhase;
			buildActionMask = 2147483647;
			files = (
			);
			runOnlyForDeploymentPostprocessing = 0;
		};
		3A67BD7225468C1300BE37FF /* Frameworks */ = {
			isa = PBXFrameworksBuildPhase;
			buildActionMask = 2147483647;
			files = (
			);
			runOnlyForDeploymentPostprocessing = 0;
		};
		3AEAEEB025459B4700AF6F26 /* Frameworks */ = {
			isa = PBXFrameworksBuildPhase;
			buildActionMask = 2147483647;
			files = (
			);
			runOnlyForDeploymentPostprocessing = 0;
		};
/* End PBXFrameworksBuildPhase section */

/* Begin PBXGroup section */
		3A3AB92F254690AE00CEB460 /* Chap5_5_while */ = {
			isa = PBXGroup;
			children = (
				3A3AB930254690AE00CEB460 /* main.cpp */,
			);
			path = Chap5_5_while;
			sourceTree = "<group>";
		};
		3A3AB93F2546950700CEB460 /* Chap5_6_do-while */ = {
			isa = PBXGroup;
			children = (
				3A3AB9402546950700CEB460 /* main.cpp */,
			);
			path = "Chap5_6_do-while";
			sourceTree = "<group>";
		};
		3A3AB9502546972400CEB460 /* Chap5_7_for */ = {
			isa = PBXGroup;
			children = (
				3A3AB9512546972400CEB460 /* main.cpp */,
			);
			path = Chap5_7_for;
			sourceTree = "<group>";
		};
		3A3AB96225469C4A00CEB460 /* Chap5_8_break_continue */ = {
			isa = PBXGroup;
			children = (
				3A3AB96325469C4A00CEB460 /* main.cpp */,
			);
			path = Chap5_8_break_continue;
			sourceTree = "<group>";
		};
		3A3AB9752546A17E00CEB460 /* Chap5_9_random_number */ = {
			isa = PBXGroup;
			children = (
				3A3AB9762546A17E00CEB460 /* main.cpp */,
			);
			path = Chap5_9_random_number;
			sourceTree = "<group>";
		};
		3A3AB9892546A7FB00CEB460 /* Chap5_10_std::cin */ = {
			isa = PBXGroup;
			children = (
				3A3AB98A2546A7FB00CEB460 /* main.cpp */,
			);
			path = "Chap5_10_std::cin";
			sourceTree = "<group>";
		};
		3A67BD5825467F6200BE37FF /* Chap5_2_if */ = {
			isa = PBXGroup;
			children = (
				3A67BD5925467F6200BE37FF /* main.cpp */,
			);
			path = Chap5_2_if;
			sourceTree = "<group>";
		};
		3A67BD652546875900BE37FF /* Chap5_3_switch */ = {
			isa = PBXGroup;
			children = (
				3A67BD662546875900BE37FF /* main.cpp */,
			);
			path = Chap5_3_switch;
			sourceTree = "<group>";
		};
		3A67BD7625468C1300BE37FF /* Chap5_4_goto */ = {
			isa = PBXGroup;
			children = (
				3A67BD7725468C1300BE37FF /* main.cpp */,
			);
			path = Chap5_4_goto;
			sourceTree = "<group>";
		};
		3AEAEEAA25459B4700AF6F26 = {
			isa = PBXGroup;
			children = (
				3AEAEEB525459B4700AF6F26 /* Chapter5_1 */,
				3A67BD5825467F6200BE37FF /* Chap5_2_if */,
				3A67BD652546875900BE37FF /* Chap5_3_switch */,
				3A67BD7625468C1300BE37FF /* Chap5_4_goto */,
				3A3AB92F254690AE00CEB460 /* Chap5_5_while */,
				3A3AB93F2546950700CEB460 /* Chap5_6_do-while */,
				3A3AB9502546972400CEB460 /* Chap5_7_for */,
				3A3AB96225469C4A00CEB460 /* Chap5_8_break_continue */,
				3A3AB9752546A17E00CEB460 /* Chap5_9_random_number */,
				3A3AB9892546A7FB00CEB460 /* Chap5_10_std::cin */,
				3AEAEEB425459B4700AF6F26 /* Products */,
			);
			sourceTree = "<group>";
		};
		3AEAEEB425459B4700AF6F26 /* Products */ = {
			isa = PBXGroup;
			children = (
				3AEAEEB325459B4700AF6F26 /* Chapter5 */,
				3A67BD5725467F6200BE37FF /* Chap5_2 */,
				3A67BD642546875900BE37FF /* Chapter5_3 */,
				3A67BD7525468C1300BE37FF /* Chap5_4 */,
				3A3AB92E254690AE00CEB460 /* Chap5_5_while */,
				3A3AB93E2546950700CEB460 /* Chap5_6_do-while */,
				3A3AB94F2546972400CEB460 /* Chap5_7_for */,
				3A3AB96125469C4A00CEB460 /* Chap5_8_break_continue */,
				3A3AB9742546A17E00CEB460 /* Chap5_9_random_number */,
				3A3AB9882546A7FB00CEB460 /* Chap5_10_std::cin */,
			);
			name = Products;
			sourceTree = "<group>";
		};
		3AEAEEB525459B4700AF6F26 /* Chapter5_1 */ = {
			isa = PBXGroup;
			children = (
				3AEAEEB625459B4700AF6F26 /* main.cpp */,
			);
			path = Chapter5_1;
			sourceTree = "<group>";
		};
/* End PBXGroup section */

/* Begin PBXNativeTarget section */
		3A3AB92D254690AE00CEB460 /* Chap5_5_while */ = {
			isa = PBXNativeTarget;
			buildConfigurationList = 3A3AB934254690AE00CEB460 /* Build configuration list for PBXNativeTarget "Chap5_5_while" */;
			buildPhases = (
				3A3AB92A254690AE00CEB460 /* Sources */,
				3A3AB92B254690AE00CEB460 /* Frameworks */,
				3A3AB92C254690AE00CEB460 /* CopyFiles */,
			);
			buildRules = (
			);
			dependencies = (
			);
			name = Chap5_5_while;
			productName = Chap5_5_while;
			productReference = 3A3AB92E254690AE00CEB460 /* Chap5_5_while */;
			productType = "com.apple.product-type.tool";
		};
		3A3AB93D2546950700CEB460 /* Chap5_6_do-while */ = {
			isa = PBXNativeTarget;
			buildConfigurationList = 3A3AB9422546950700CEB460 /* Build configuration list for PBXNativeTarget "Chap5_6_do-while" */;
			buildPhases = (
				3A3AB93A2546950700CEB460 /* Sources */,
				3A3AB93B2546950700CEB460 /* Frameworks */,
				3A3AB93C2546950700CEB460 /* CopyFiles */,
			);
			buildRules = (
			);
			dependencies = (
			);
			name = "Chap5_6_do-while";
			productName = "Chap5_6_do-while";
			productReference = 3A3AB93E2546950700CEB460 /* Chap5_6_do-while */;
			productType = "com.apple.product-type.tool";
		};
		3A3AB94E2546972400CEB460 /* Chap5_7_for */ = {
			isa = PBXNativeTarget;
			buildConfigurationList = 3A3AB9532546972400CEB460 /* Build configuration list for PBXNativeTarget "Chap5_7_for" */;
			buildPhases = (
				3A3AB94B2546972400CEB460 /* Sources */,
				3A3AB94C2546972400CEB460 /* Frameworks */,
				3A3AB94D2546972400CEB460 /* CopyFiles */,
			);
			buildRules = (
			);
			dependencies = (
			);
			name = Chap5_7_for;
			productName = Chap5_7_for;
			productReference = 3A3AB94F2546972400CEB460 /* Chap5_7_for */;
			productType = "com.apple.product-type.tool";
		};
		3A3AB96025469C4A00CEB460 /* Chap5_8_break_continue */ = {
			isa = PBXNativeTarget;
			buildConfigurationList = 3A3AB96525469C4A00CEB460 /* Build configuration list for PBXNativeTarget "Chap5_8_break_continue" */;
			buildPhases = (
				3A3AB95D25469C4A00CEB460 /* Sources */,
				3A3AB95E25469C4A00CEB460 /* Frameworks */,
				3A3AB95F25469C4A00CEB460 /* CopyFiles */,
			);
			buildRules = (
			);
			dependencies = (
			);
			name = Chap5_8_break_continue;
			productName = Chap5_8_break_continue;
			productReference = 3A3AB96125469C4A00CEB460 /* Chap5_8_break_continue */;
			productType = "com.apple.product-type.tool";
		};
		3A3AB9732546A17E00CEB460 /* Chap5_9_random_number */ = {
			isa = PBXNativeTarget;
			buildConfigurationList = 3A3AB9782546A17E00CEB460 /* Build configuration list for PBXNativeTarget "Chap5_9_random_number" */;
			buildPhases = (
				3A3AB9702546A17E00CEB460 /* Sources */,
				3A3AB9712546A17E00CEB460 /* Frameworks */,
				3A3AB9722546A17E00CEB460 /* CopyFiles */,
			);
			buildRules = (
			);
			dependencies = (
			);
			name = Chap5_9_random_number;
			productName = Chap5_9_random_number;
			productReference = 3A3AB9742546A17E00CEB460 /* Chap5_9_random_number */;
			productType = "com.apple.product-type.tool";
		};
		3A3AB9872546A7FB00CEB460 /* Chap5_10_std::cin */ = {
			isa = PBXNativeTarget;
			buildConfigurationList = 3A3AB98C2546A7FB00CEB460 /* Build configuration list for PBXNativeTarget "Chap5_10_std::cin" */;
			buildPhases = (
				3A3AB9842546A7FB00CEB460 /* Sources */,
				3A3AB9852546A7FB00CEB460 /* Frameworks */,
				3A3AB9862546A7FB00CEB460 /* CopyFiles */,
			);
			buildRules = (
			);
			dependencies = (
			);
			name = "Chap5_10_std::cin";
			productName = "Chap5_10_std::cin";
			productReference = 3A3AB9882546A7FB00CEB460 /* Chap5_10_std::cin */;
			productType = "com.apple.product-type.tool";
		};
		3A67BD5625467F6200BE37FF /* Chap5_2 */ = {
			isa = PBXNativeTarget;
			buildConfigurationList = 3A67BD5D25467F6200BE37FF /* Build configuration list for PBXNativeTarget "Chap5_2" */;
			buildPhases = (
				3A67BD5325467F6200BE37FF /* Sources */,
				3A67BD5425467F6200BE37FF /* Frameworks */,
				3A67BD5525467F6200BE37FF /* CopyFiles */,
			);
			buildRules = (
			);
			dependencies = (
			);
			name = Chap5_2;
			productName = Chap5_2;
			productReference = 3A67BD5725467F6200BE37FF /* Chap5_2 */;
			productType = "com.apple.product-type.tool";
		};
		3A67BD632546875900BE37FF /* Chapter5_3 */ = {
			isa = PBXNativeTarget;
			buildConfigurationList = 3A67BD682546875900BE37FF /* Build configuration list for PBXNativeTarget "Chapter5_3" */;
			buildPhases = (
				3A67BD602546875900BE37FF /* Sources */,
				3A67BD612546875900BE37FF /* Frameworks */,
				3A67BD622546875900BE37FF /* CopyFiles */,
			);
			buildRules = (
			);
			dependencies = (
			);
			name = Chapter5_3;
			productName = Chapter5_3;
			productReference = 3A67BD642546875900BE37FF /* Chapter5_3 */;
			productType = "com.apple.product-type.tool";
		};
		3A67BD7425468C1300BE37FF /* Chap5_4 */ = {
			isa = PBXNativeTarget;
			buildConfigurationList = 3A67BD7925468C1300BE37FF /* Build configuration list for PBXNativeTarget "Chap5_4" */;
			buildPhases = (
				3A67BD7125468C1300BE37FF /* Sources */,
				3A67BD7225468C1300BE37FF /* Frameworks */,
				3A67BD7325468C1300BE37FF /* CopyFiles */,
			);
			buildRules = (
			);
			dependencies = (
			);
			name = Chap5_4;
			productName = Chap5_4;
			productReference = 3A67BD7525468C1300BE37FF /* Chap5_4 */;
			productType = "com.apple.product-type.tool";
		};
		3AEAEEB225459B4700AF6F26 /* Chapter5 */ = {
			isa = PBXNativeTarget;
			buildConfigurationList = 3AEAEEBA25459B4700AF6F26 /* Build configuration list for PBXNativeTarget "Chapter5" */;
			buildPhases = (
				3AEAEEAF25459B4700AF6F26 /* Sources */,
				3AEAEEB025459B4700AF6F26 /* Frameworks */,
				3AEAEEB125459B4700AF6F26 /* CopyFiles */,
			);
			buildRules = (
			);
			dependencies = (
			);
			name = Chapter5;
			productName = Chapter5;
			productReference = 3AEAEEB325459B4700AF6F26 /* Chapter5 */;
			productType = "com.apple.product-type.tool";
		};
/* End PBXNativeTarget section */

/* Begin PBXProject section */
		3AEAEEAB25459B4700AF6F26 /* Project object */ = {
			isa = PBXProject;
			attributes = {
				LastUpgradeCheck = 1210;
				TargetAttributes = {
					3A3AB92D254690AE00CEB460 = {
						CreatedOnToolsVersion = 12.1;
					};
					3A3AB93D2546950700CEB460 = {
						CreatedOnToolsVersion = 12.1;
					};
					3A3AB94E2546972400CEB460 = {
						CreatedOnToolsVersion = 12.1;
					};
					3A3AB96025469C4A00CEB460 = {
						CreatedOnToolsVersion = 12.1;
					};
					3A3AB9732546A17E00CEB460 = {
						CreatedOnToolsVersion = 12.1;
					};
					3A3AB9872546A7FB00CEB460 = {
						CreatedOnToolsVersion = 12.1;
					};
					3A67BD5625467F6200BE37FF = {
						CreatedOnToolsVersion = 12.1;
					};
					3A67BD632546875900BE37FF = {
						CreatedOnToolsVersion = 12.1;
					};
					3A67BD7425468C1300BE37FF = {
						CreatedOnToolsVersion = 12.1;
					};
					3AEAEEB225459B4700AF6F26 = {
						CreatedOnToolsVersion = 12.1;
					};
				};
			};
			buildConfigurationList = 3AEAEEAE25459B4700AF6F26 /* Build configuration list for PBXProject "Chapter5" */;
			compatibilityVersion = "Xcode 9.3";
			developmentRegion = en;
			hasScannedForEncodings = 0;
			knownRegions = (
				en,
				Base,
			);
			mainGroup = 3AEAEEAA25459B4700AF6F26;
			productRefGroup = 3AEAEEB425459B4700AF6F26 /* Products */;
			projectDirPath = "";
			projectRoot = "";
			targets = (
				3AEAEEB225459B4700AF6F26 /* Chapter5 */,
				3A67BD5625467F6200BE37FF /* Chap5_2 */,
				3A67BD632546875900BE37FF /* Chapter5_3 */,
				3A67BD7425468C1300BE37FF /* Chap5_4 */,
				3A3AB92D254690AE00CEB460 /* Chap5_5_while */,
				3A3AB93D2546950700CEB460 /* Chap5_6_do-while */,
				3A3AB94E2546972400CEB460 /* Chap5_7_for */,
				3A3AB96025469C4A00CEB460 /* Chap5_8_break_continue */,
				3A3AB9732546A17E00CEB460 /* Chap5_9_random_number */,
				3A3AB9872546A7FB00CEB460 /* Chap5_10_std::cin */,
			);
		};
/* End PBXProject section */

/* Begin PBXSourcesBuildPhase section */
		3A3AB92A254690AE00CEB460 /* Sources */ = {
			isa = PBXSourcesBuildPhase;
			buildActionMask = 2147483647;
			files = (
				3A3AB931254690AE00CEB460 /* main.cpp in Sources */,
			);
			runOnlyForDeploymentPostprocessing = 0;
		};
		3A3AB93A2546950700CEB460 /* Sources */ = {
			isa = PBXSourcesBuildPhase;
			buildActionMask = 2147483647;
			files = (
				3A3AB9412546950700CEB460 /* main.cpp in Sources */,
			);
			runOnlyForDeploymentPostprocessing = 0;
		};
		3A3AB94B2546972400CEB460 /* Sources */ = {
			isa = PBXSourcesBuildPhase;
			buildActionMask = 2147483647;
			files = (
				3A3AB9522546972400CEB460 /* main.cpp in Sources */,
			);
			runOnlyForDeploymentPostprocessing = 0;
		};
		3A3AB95D25469C4A00CEB460 /* Sources */ = {
			isa = PBXSourcesBuildPhase;
			buildActionMask = 2147483647;
			files = (
				3A3AB96425469C4A00CEB460 /* main.cpp in Sources */,
			);
			runOnlyForDeploymentPostprocessing = 0;
		};
		3A3AB9702546A17E00CEB460 /* Sources */ = {
			isa = PBXSourcesBuildPhase;
			buildActionMask = 2147483647;
			files = (
				3A3AB9772546A17E00CEB460 /* main.cpp in Sources */,
			);
			runOnlyForDeploymentPostprocessing = 0;
		};
		3A3AB9842546A7FB00CEB460 /* Sources */ = {
			isa = PBXSourcesBuildPhase;
			buildActionMask = 2147483647;
			files = (
				3A3AB98B2546A7FB00CEB460 /* main.cpp in Sources */,
			);
			runOnlyForDeploymentPostprocessing = 0;
		};
		3A67BD5325467F6200BE37FF /* Sources */ = {
			isa = PBXSourcesBuildPhase;
			buildActionMask = 2147483647;
			files = (
				3A67BD5A25467F6200BE37FF /* main.cpp in Sources */,
			);
			runOnlyForDeploymentPostprocessing = 0;
		};
		3A67BD602546875900BE37FF /* Sources */ = {
			isa = PBXSourcesBuildPhase;
			buildActionMask = 2147483647;
			files = (
				3A67BD672546875900BE37FF /* main.cpp in Sources */,
			);
			runOnlyForDeploymentPostprocessing = 0;
		};
		3A67BD7125468C1300BE37FF /* Sources */ = {
			isa = PBXSourcesBuildPhase;
			buildActionMask = 2147483647;
			files = (
				3A67BD7825468C1300BE37FF /* main.cpp in Sources */,
			);
			runOnlyForDeploymentPostprocessing = 0;
		};
		3AEAEEAF25459B4700AF6F26 /* Sources */ = {
			isa = PBXSourcesBuildPhase;
			buildActionMask = 2147483647;
			files = (
				3AEAEEB725459B4700AF6F26 /* main.cpp in Sources */,
			);
			runOnlyForDeploymentPostprocessing = 0;
		};
/* End PBXSourcesBuildPhase section */

/* Begin XCBuildConfiguration section */
		3A3AB932254690AE00CEB460 /* Debug */ = {
			isa = XCBuildConfiguration;
			buildSettings = {
				CODE_SIGN_STYLE = Automatic;
				PRODUCT_NAME = "$(TARGET_NAME)";
			};
			name = Debug;
		};
		3A3AB933254690AE00CEB460 /* Release */ = {
			isa = XCBuildConfiguration;
			buildSettings = {
				CODE_SIGN_STYLE = Automatic;
				PRODUCT_NAME = "$(TARGET_NAME)";
			};
			name = Release;
		};
		3A3AB9432546950700CEB460 /* Debug */ = {
			isa = XCBuildConfiguration;
			buildSettings = {
				CODE_SIGN_STYLE = Automatic;
				PRODUCT_NAME = "$(TARGET_NAME)";
			};
			name = Debug;
		};
		3A3AB9442546950700CEB460 /* Release */ = {
			isa = XCBuildConfiguration;
			buildSettings = {
				CODE_SIGN_STYLE = Automatic;
				PRODUCT_NAME = "$(TARGET_NAME)";
			};
			name = Release;
		};
		3A3AB9542546972400CEB460 /* Debug */ = {
			isa = XCBuildConfiguration;
			buildSettings = {
				CODE_SIGN_STYLE = Automatic;
				PRODUCT_NAME = "$(TARGET_NAME)";
			};
			name = Debug;
		};
		3A3AB9552546972400CEB460 /* Release */ = {
			isa = XCBuildConfiguration;
			buildSettings = {
				CODE_SIGN_STYLE = Automatic;
				PRODUCT_NAME = "$(TARGET_NAME)";
			};
			name = Release;
		};
		3A3AB96625469C4A00CEB460 /* Debug */ = {
			isa = XCBuildConfiguration;
			buildSettings = {
				CODE_SIGN_STYLE = Automatic;
				PRODUCT_NAME = "$(TARGET_NAME)";
			};
			name = Debug;
		};
		3A3AB96725469C4A00CEB460 /* Release */ = {
			isa = XCBuildConfiguration;
			buildSettings = {
				CODE_SIGN_STYLE = Automatic;
				PRODUCT_NAME = "$(TARGET_NAME)";
			};
			name = Release;
		};
		3A3AB9792546A17E00CEB460 /* Debug */ = {
			isa = XCBuildConfiguration;
			buildSettings = {
				CODE_SIGN_STYLE = Automatic;
				PRODUCT_NAME = "$(TARGET_NAME)";
			};
			name = Debug;
		};
		3A3AB97A2546A17E00CEB460 /* Release */ = {
			isa = XCBuildConfiguration;
			buildSettings = {
				CODE_SIGN_STYLE = Automatic;
				PRODUCT_NAME = "$(TARGET_NAME)";
			};
			name = Release;
		};
		3A3AB98D2546A7FB00CEB460 /* Debug */ = {
			isa = XCBuildConfiguration;
			buildSettings = {
				CODE_SIGN_STYLE = Automatic;
				PRODUCT_NAME = "$(TARGET_NAME)";
			};
			name = Debug;
		};
		3A3AB98E2546A7FB00CEB460 /* Release */ = {
			isa = XCBuildConfiguration;
			buildSettings = {
				CODE_SIGN_STYLE = Automatic;
				PRODUCT_NAME = "$(TARGET_NAME)";
			};
			name = Release;
		};
		3A67BD5B25467F6200BE37FF /* Debug */ = {
			isa = XCBuildConfiguration;
			buildSettings = {
				CODE_SIGN_STYLE = Automatic;
				PRODUCT_NAME = "$(TARGET_NAME)";
			};
			name = Debug;
		};
		3A67BD5C25467F6200BE37FF /* Release */ = {
			isa = XCBuildConfiguration;
			buildSettings = {
				CODE_SIGN_STYLE = Automatic;
				PRODUCT_NAME = "$(TARGET_NAME)";
			};
			name = Release;
		};
		3A67BD692546875900BE37FF /* Debug */ = {
			isa = XCBuildConfiguration;
			buildSettings = {
				CODE_SIGN_STYLE = Automatic;
				PRODUCT_NAME = "$(TARGET_NAME)";
			};
			name = Debug;
		};
		3A67BD6A2546875900BE37FF /* Release */ = {
			isa = XCBuildConfiguration;
			buildSettings = {
				CODE_SIGN_STYLE = Automatic;
				PRODUCT_NAME = "$(TARGET_NAME)";
			};
			name = Release;
		};
		3A67BD7A25468C1300BE37FF /* Debug */ = {
			isa = XCBuildConfiguration;
			buildSettings = {
				CODE_SIGN_STYLE = Automatic;
				PRODUCT_NAME = "$(TARGET_NAME)";
			};
			name = Debug;
		};
		3A67BD7B25468C1300BE37FF /* Release */ = {
			isa = XCBuildConfiguration;
			buildSettings = {
				CODE_SIGN_STYLE = Automatic;
				PRODUCT_NAME = "$(TARGET_NAME)";
			};
			name = Release;
		};
		3AEAEEB825459B4700AF6F26 /* Debug */ = {
			isa = XCBuildConfiguration;
			buildSettings = {
				ALWAYS_SEARCH_USER_PATHS = NO;
				CLANG_ANALYZER_NONNULL = YES;
				CLANG_ANALYZER_NUMBER_OBJECT_CONVERSION = YES_AGGRESSIVE;
				CLANG_CXX_LANGUAGE_STANDARD = "gnu++14";
				CLANG_CXX_LIBRARY = "libc++";
				CLANG_ENABLE_MODULES = YES;
				CLANG_ENABLE_OBJC_ARC = YES;
				CLANG_ENABLE_OBJC_WEAK = YES;
				CLANG_WARN_BLOCK_CAPTURE_AUTORELEASING = YES;
				CLANG_WARN_BOOL_CONVERSION = YES;
				CLANG_WARN_COMMA = YES;
				CLANG_WARN_CONSTANT_CONVERSION = YES;
				CLANG_WARN_DEPRECATED_OBJC_IMPLEMENTATIONS = YES;
				CLANG_WARN_DIRECT_OBJC_ISA_USAGE = YES_ERROR;
				CLANG_WARN_DOCUMENTATION_COMMENTS = YES;
				CLANG_WARN_EMPTY_BODY = YES;
				CLANG_WARN_ENUM_CONVERSION = YES;
				CLANG_WARN_INFINITE_RECURSION = YES;
				CLANG_WARN_INT_CONVERSION = YES;
				CLANG_WARN_NON_LITERAL_NULL_CONVERSION = YES;
				CLANG_WARN_OBJC_IMPLICIT_RETAIN_SELF = YES;
				CLANG_WARN_OBJC_LITERAL_CONVERSION = YES;
				CLANG_WARN_OBJC_ROOT_CLASS = YES_ERROR;
				CLANG_WARN_QUOTED_INCLUDE_IN_FRAMEWORK_HEADER = YES;
				CLANG_WARN_RANGE_LOOP_ANALYSIS = YES;
				CLANG_WARN_STRICT_PROTOTYPES = YES;
				CLANG_WARN_SUSPICIOUS_MOVE = YES;
				CLANG_WARN_UNGUARDED_AVAILABILITY = YES_AGGRESSIVE;
				CLANG_WARN_UNREACHABLE_CODE = YES;
				CLANG_WARN__DUPLICATE_METHOD_MATCH = YES;
				COPY_PHASE_STRIP = NO;
				DEBUG_INFORMATION_FORMAT = dwarf;
				ENABLE_STRICT_OBJC_MSGSEND = YES;
				ENABLE_TESTABILITY = YES;
				GCC_C_LANGUAGE_STANDARD = gnu11;
				GCC_DYNAMIC_NO_PIC = NO;
				GCC_NO_COMMON_BLOCKS = YES;
				GCC_OPTIMIZATION_LEVEL = 0;
				GCC_PREPROCESSOR_DEFINITIONS = (
					"DEBUG=1",
					"$(inherited)",
				);
				GCC_WARN_64_TO_32_BIT_CONVERSION = YES;
				GCC_WARN_ABOUT_RETURN_TYPE = YES_ERROR;
				GCC_WARN_UNDECLARED_SELECTOR = YES;
				GCC_WARN_UNINITIALIZED_AUTOS = YES_AGGRESSIVE;
				GCC_WARN_UNUSED_FUNCTION = YES;
				GCC_WARN_UNUSED_VARIABLE = YES;
				MACOSX_DEPLOYMENT_TARGET = 10.15;
				MTL_ENABLE_DEBUG_INFO = INCLUDE_SOURCE;
				MTL_FAST_MATH = YES;
				ONLY_ACTIVE_ARCH = YES;
				SDKROOT = macosx;
			};
			name = Debug;
		};
		3AEAEEB925459B4700AF6F26 /* Release */ = {
			isa = XCBuildConfiguration;
			buildSettings = {
				ALWAYS_SEARCH_USER_PATHS = NO;
				CLANG_ANALYZER_NONNULL = YES;
				CLANG_ANALYZER_NUMBER_OBJECT_CONVERSION = YES_AGGRESSIVE;
				CLANG_CXX_LANGUAGE_STANDARD = "gnu++14";
				CLANG_CXX_LIBRARY = "libc++";
				CLANG_ENABLE_MODULES = YES;
				CLANG_ENABLE_OBJC_ARC = YES;
				CLANG_ENABLE_OBJC_WEAK = YES;
				CLANG_WARN_BLOCK_CAPTURE_AUTORELEASING = YES;
				CLANG_WARN_BOOL_CONVERSION = YES;
				CLANG_WARN_COMMA = YES;
				CLANG_WARN_CONSTANT_CONVERSION = YES;
				CLANG_WARN_DEPRECATED_OBJC_IMPLEMENTATIONS = YES;
				CLANG_WARN_DIRECT_OBJC_ISA_USAGE = YES_ERROR;
				CLANG_WARN_DOCUMENTATION_COMMENTS = YES;
				CLANG_WARN_EMPTY_BODY = YES;
				CLANG_WARN_ENUM_CONVERSION = YES;
				CLANG_WARN_INFINITE_RECURSION = YES;
				CLANG_WARN_INT_CONVERSION = YES;
				CLANG_WARN_NON_LITERAL_NULL_CONVERSION = YES;
				CLANG_WARN_OBJC_IMPLICIT_RETAIN_SELF = YES;
				CLANG_WARN_OBJC_LITERAL_CONVERSION = YES;
				CLANG_WARN_OBJC_ROOT_CLASS = YES_ERROR;
				CLANG_WARN_QUOTED_INCLUDE_IN_FRAMEWORK_HEADER = YES;
				CLANG_WARN_RANGE_LOOP_ANALYSIS = YES;
				CLANG_WARN_STRICT_PROTOTYPES = YES;
				CLANG_WARN_SUSPICIOUS_MOVE = YES;
				CLANG_WARN_UNGUARDED_AVAILABILITY = YES_AGGRESSIVE;
				CLANG_WARN_UNREACHABLE_CODE = YES;
				CLANG_WARN__DUPLICATE_METHOD_MATCH = YES;
				COPY_PHASE_STRIP = NO;
				DEBUG_INFORMATION_FORMAT = "dwarf-with-dsym";
				ENABLE_NS_ASSERTIONS = NO;
				ENABLE_STRICT_OBJC_MSGSEND = YES;
				GCC_C_LANGUAGE_STANDARD = gnu11;
				GCC_NO_COMMON_BLOCKS = YES;
				GCC_WARN_64_TO_32_BIT_CONVERSION = YES;
				GCC_WARN_ABOUT_RETURN_TYPE = YES_ERROR;
				GCC_WARN_UNDECLARED_SELECTOR = YES;
				GCC_WARN_UNINITIALIZED_AUTOS = YES_AGGRESSIVE;
				GCC_WARN_UNUSED_FUNCTION = YES;
				GCC_WARN_UNUSED_VARIABLE = YES;
				MACOSX_DEPLOYMENT_TARGET = 10.15;
				MTL_ENABLE_DEBUG_INFO = NO;
				MTL_FAST_MATH = YES;
				SDKROOT = macosx;
			};
			name = Release;
		};
		3AEAEEBB25459B4700AF6F26 /* Debug */ = {
			isa = XCBuildConfiguration;
			buildSettings = {
				CODE_SIGN_STYLE = Automatic;
				PRODUCT_NAME = "$(TARGET_NAME)";
			};
			name = Debug;
		};
		3AEAEEBC25459B4700AF6F26 /* Release */ = {
			isa = XCBuildConfiguration;
			buildSettings = {
				CODE_SIGN_STYLE = Automatic;
				PRODUCT_NAME = "$(TARGET_NAME)";
			};
			name = Release;
		};
/* End XCBuildConfiguration section */

/* Begin XCConfigurationList section */
		3A3AB934254690AE00CEB460 /* Build configuration list for PBXNativeTarget "Chap5_5_while" */ = {
			isa = XCConfigurationList;
			buildConfigurations = (
				3A3AB932254690AE00CEB460 /* Debug */,
				3A3AB933254690AE00CEB460 /* Release */,
			);
			defaultConfigurationIsVisible = 0;
			defaultConfigurationName = Release;
		};
		3A3AB9422546950700CEB460 /* Build configuration list for PBXNativeTarget "Chap5_6_do-while" */ = {
			isa = XCConfigurationList;
			buildConfigurations = (
				3A3AB9432546950700CEB460 /* Debug */,
				3A3AB9442546950700CEB460 /* Release */,
			);
			defaultConfigurationIsVisible = 0;
			defaultConfigurationName = Release;
		};
		3A3AB9532546972400CEB460 /* Build configuration list for PBXNativeTarget "Chap5_7_for" */ = {
			isa = XCConfigurationList;
			buildConfigurations = (
				3A3AB9542546972400CEB460 /* Debug */,
				3A3AB9552546972400CEB460 /* Release */,
			);
			defaultConfigurationIsVisible = 0;
			defaultConfigurationName = Release;
		};
		3A3AB96525469C4A00CEB460 /* Build configuration list for PBXNativeTarget "Chap5_8_break_continue" */ = {
			isa = XCConfigurationList;
			buildConfigurations = (
				3A3AB96625469C4A00CEB460 /* Debug */,
				3A3AB96725469C4A00CEB460 /* Release */,
			);
			defaultConfigurationIsVisible = 0;
			defaultConfigurationName = Release;
		};
		3A3AB9782546A17E00CEB460 /* Build configuration list for PBXNativeTarget "Chap5_9_random_number" */ = {
			isa = XCConfigurationList;
			buildConfigurations = (
				3A3AB9792546A17E00CEB460 /* Debug */,
				3A3AB97A2546A17E00CEB460 /* Release */,
			);
			defaultConfigurationIsVisible = 0;
			defaultConfigurationName = Release;
		};
		3A3AB98C2546A7FB00CEB460 /* Build configuration list for PBXNativeTarget "Chap5_10_std::cin" */ = {
			isa = XCConfigurationList;
			buildConfigurations = (
				3A3AB98D2546A7FB00CEB460 /* Debug */,
				3A3AB98E2546A7FB00CEB460 /* Release */,
			);
			defaultConfigurationIsVisible = 0;
			defaultConfigurationName = Release;
		};
		3A67BD5D25467F6200BE37FF /* Build configuration list for PBXNativeTarget "Chap5_2" */ = {
			isa = XCConfigurationList;
			buildConfigurations = (
				3A67BD5B25467F6200BE37FF /* Debug */,
				3A67BD5C25467F6200BE37FF /* Release */,
			);
			defaultConfigurationIsVisible = 0;
			defaultConfigurationName = Release;
		};
		3A67BD682546875900BE37FF /* Build configuration list for PBXNativeTarget "Chapter5_3" */ = {
			isa = XCConfigurationList;
			buildConfigurations = (
				3A67BD692546875900BE37FF /* Debug */,
				3A67BD6A2546875900BE37FF /* Release */,
			);
			defaultConfigurationIsVisible = 0;
			defaultConfigurationName = Release;
		};
		3A67BD7925468C1300BE37FF /* Build configuration list for PBXNativeTarget "Chap5_4" */ = {
			isa = XCConfigurationList;
			buildConfigurations = (
				3A67BD7A25468C1300BE37FF /* Debug */,
				3A67BD7B25468C1300BE37FF /* Release */,
			);
			defaultConfigurationIsVisible = 0;
			defaultConfigurationName = Release;
		};
		3AEAEEAE25459B4700AF6F26 /* Build configuration list for PBXProject "Chapter5" */ = {
			isa = XCConfigurationList;
			buildConfigurations = (
				3AEAEEB825459B4700AF6F26 /* Debug */,
				3AEAEEB925459B4700AF6F26 /* Release */,
			);
			defaultConfigurationIsVisible = 0;
			defaultConfigurationName = Release;
		};
		3AEAEEBA25459B4700AF6F26 /* Build configuration list for PBXNativeTarget "Chapter5" */ = {
			isa = XCConfigurationList;
			buildConfigurations = (
				3AEAEEBB25459B4700AF6F26 /* Debug */,
				3AEAEEBC25459B4700AF6F26 /* Release */,
			);
			defaultConfigurationIsVisible = 0;
			defaultConfigurationName = Release;
		};
/* End XCConfigurationList section */
	};
	rootObject = 3AEAEEAB25459B4700AF6F26 /* Project object */;
}
